
Microsoft Visual Studio Solution File, Format Version 12.00
# Visual Studio Version 17
VisualStudioVersion = 17.5.002.0
MinimumVisualStudioVersion = 10.0.40219.1
Project("{9A19103F-16F7-4668-BE54-9A1E7A4F7556}") = "function", "function.csproj", "{7E8C60EC-B124-464D-BF2F-9AB731184941}"
EndProject
Global
	GlobalSection(SolutionConfigurationPlatforms) = preSolution
		Debug|Any CPU = Debug|Any CPU
		Release|Any CPU = Release|Any CPU
	EndGlobalSection
	GlobalSection(ProjectConfigurationPlatforms) = postSolution
		{7E8C60EC-B124-464D-BF2F-9AB731184941}.Debug|Any CPU.ActiveCfg = Debug|Any CPU
		{7E8C60EC-B124-464D-BF2F-9AB731184941}.Debug|Any CPU.Build.0 = Debug|Any CPU
		{7E8C60EC-B124-464D-BF2F-9AB731184941}.Release|Any CPU.ActiveCfg = Release|Any CPU
		{7E8C60EC-B124-464D-BF2F-9AB731184941}.Release|Any CPU.Build.0 = Release|Any CPU
	EndGlobalSection
	GlobalSection(SolutionProperties) = preSolution
		HideSolutionNode = FALSE
	EndGlobalSection
	GlobalSection(ExtensibilityGlobals) = postSolution
		SolutionGuid = {CC0E1658-FFE2-4BE2-8B7C-A274C722DE1A}
	EndGlobalSection
EndGlobal
